// !$*UTF8*$!
{
	archiveVersion = 1;
	classes = {
	};
	objectVersion = 56;
	objects = {

/* Begin PBXBuildFile section */
		B56F8F612AFD00320009591F /* ShimmerText.swift in Sources */ = {isa = PBXBuildFile; fileRef = B56F8F602AFD00320009591F /* ShimmerText.swift */; };
		B56F8F632AFD0C8C0009591F /* ProductItemView.swift in Sources */ = {isa = PBXBuildFile; fileRef = B56F8F622AFD0C8C0009591F /* ProductItemView.swift */; };
		B5DB3C392AFD2DB400884760 /* ProductModel.swift in Sources */ = {isa = PBXBuildFile; fileRef = B5DB3C382AFD2DB400884760 /* ProductModel.swift */; };
		B5DB3C412AFD35DF00884760 /* Extension.swift in Sources */ = {isa = PBXBuildFile; fileRef = B5DB3C402AFD35DF00884760 /* Extension.swift */; };
		B5DB3C432AFD368A00884760 /* RupiahFormatterTests.swift in Sources */ = {isa = PBXBuildFile; fileRef = B5DB3C422AFD368A00884760 /* RupiahFormatterTests.swift */; };
		B5DB3C472AFDC95B00884760 /* ProductController.swift in Sources */ = {isa = PBXBuildFile; fileRef = B5DB3C462AFDC95B00884760 /* ProductController.swift */; };
		B5DB3C682AFE049F00884760 /* FavoriteItem.swift in Sources */ = {isa = PBXBuildFile; fileRef = B5DB3C672AFE049F00884760 /* FavoriteItem.swift */; };
		B5EA13A32AFCCF26009CBF83 /* ProductTestApp.swift in Sources */ = {isa = PBXBuildFile; fileRef = B5EA13A22AFCCF26009CBF83 /* ProductTestApp.swift */; };
		B5EA13A52AFCCF26009CBF83 /* ContentView.swift in Sources */ = {isa = PBXBuildFile; fileRef = B5EA13A42AFCCF26009CBF83 /* ContentView.swift */; };
		B5EA13A72AFCCF28009CBF83 /* Assets.xcassets in Resources */ = {isa = PBXBuildFile; fileRef = B5EA13A62AFCCF28009CBF83 /* Assets.xcassets */; };
		B5EA13AA2AFCCF28009CBF83 /* Preview Assets.xcassets in Resources */ = {isa = PBXBuildFile; fileRef = B5EA13A92AFCCF28009CBF83 /* Preview Assets.xcassets */; };
		B5EA13AC2AFCCF28009CBF83 /* Persistence.swift in Sources */ = {isa = PBXBuildFile; fileRef = B5EA13AB2AFCCF28009CBF83 /* Persistence.swift */; };
		B5EA13AF2AFCCF28009CBF83 /* ProductTest.xcdatamodeld in Sources */ = {isa = PBXBuildFile; fileRef = B5EA13AD2AFCCF28009CBF83 /* ProductTest.xcdatamodeld */; };
		B5EA13C32AFCCF28009CBF83 /* ProductTestUITests.swift in Sources */ = {isa = PBXBuildFile; fileRef = B5EA13C22AFCCF28009CBF83 /* ProductTestUITests.swift */; };
		B5EA13C52AFCCF28009CBF83 /* ProductTestUITestsLaunchTests.swift in Sources */ = {isa = PBXBuildFile; fileRef = B5EA13C42AFCCF28009CBF83 /* ProductTestUITestsLaunchTests.swift */; };
/* End PBXBuildFile section */

/* Begin PBXContainerItemProxy section */
		B5EA13B52AFCCF28009CBF83 /* PBXContainerItemProxy */ = {
			isa = PBXContainerItemProxy;
			containerPortal = B5EA13972AFCCF26009CBF83 /* Project object */;
			proxyType = 1;
			remoteGlobalIDString = B5EA139E2AFCCF26009CBF83;
			remoteInfo = ProductTest;
		};
		B5EA13BF2AFCCF28009CBF83 /* PBXContainerItemProxy */ = {
			isa = PBXContainerItemProxy;
			containerPortal = B5EA13972AFCCF26009CBF83 /* Project object */;
			proxyType = 1;
			remoteGlobalIDString = B5EA139E2AFCCF26009CBF83;
			remoteInfo = ProductTest;
		};
/* End PBXContainerItemProxy section */

/* Begin PBXFileReference section */
		B56F8F602AFD00320009591F /* ShimmerText.swift */ = {isa = PBXFileReference; lastKnownFileType = sourcecode.swift; path = ShimmerText.swift; sourceTree = "<group>"; };
		B56F8F622AFD0C8C0009591F /* ProductItemView.swift */ = {isa = PBXFileReference; lastKnownFileType = sourcecode.swift; path = ProductItemView.swift; sourceTree = "<group>"; };
		B5DB3C382AFD2DB400884760 /* ProductModel.swift */ = {isa = PBXFileReference; lastKnownFileType = sourcecode.swift; path = ProductModel.swift; sourceTree = "<group>"; };
		B5DB3C402AFD35DF00884760 /* Extension.swift */ = {isa = PBXFileReference; lastKnownFileType = sourcecode.swift; path = Extension.swift; sourceTree = "<group>"; };
		B5DB3C422AFD368A00884760 /* RupiahFormatterTests.swift */ = {isa = PBXFileReference; lastKnownFileType = sourcecode.swift; path = RupiahFormatterTests.swift; sourceTree = "<group>"; };
		B5DB3C462AFDC95B00884760 /* ProductController.swift */ = {isa = PBXFileReference; lastKnownFileType = sourcecode.swift; path = ProductController.swift; sourceTree = "<group>"; };
		B5DB3C672AFE049F00884760 /* FavoriteItem.swift */ = {isa = PBXFileReference; lastKnownFileType = sourcecode.swift; path = FavoriteItem.swift; sourceTree = "<group>"; };
		B5EA139F2AFCCF26009CBF83 /* ProductTest.app */ = {isa = PBXFileReference; explicitFileType = wrapper.application; includeInIndex = 0; path = ProductTest.app; sourceTree = BUILT_PRODUCTS_DIR; };
		B5EA13A22AFCCF26009CBF83 /* ProductTestApp.swift */ = {isa = PBXFileReference; lastKnownFileType = sourcecode.swift; path = ProductTestApp.swift; sourceTree = "<group>"; };
		B5EA13A42AFCCF26009CBF83 /* ContentView.swift */ = {isa = PBXFileReference; lastKnownFileType = sourcecode.swift; path = ContentView.swift; sourceTree = "<group>"; };
		B5EA13A62AFCCF28009CBF83 /* Assets.xcassets */ = {isa = PBXFileReference; lastKnownFileType = folder.assetcatalog; path = Assets.xcassets; sourceTree = "<group>"; };
		B5EA13A92AFCCF28009CBF83 /* Preview Assets.xcassets */ = {isa = PBXFileReference; lastKnownFileType = folder.assetcatalog; path = "Preview Assets.xcassets"; sourceTree = "<group>"; };
		B5EA13AB2AFCCF28009CBF83 /* Persistence.swift */ = {isa = PBXFileReference; lastKnownFileType = sourcecode.swift; path = Persistence.swift; sourceTree = "<group>"; };
		B5EA13AE2AFCCF28009CBF83 /* ProductTest.xcdatamodel */ = {isa = PBXFileReference; lastKnownFileType = wrapper.xcdatamodel; path = ProductTest.xcdatamodel; sourceTree = "<group>"; };
		B5EA13B42AFCCF28009CBF83 /* ProductTestTests.xctest */ = {isa = PBXFileReference; explicitFileType = wrapper.cfbundle; includeInIndex = 0; path = ProductTestTests.xctest; sourceTree = BUILT_PRODUCTS_DIR; };
		B5EA13BE2AFCCF28009CBF83 /* ProductTestUITests.xctest */ = {isa = PBXFileReference; explicitFileType = wrapper.cfbundle; includeInIndex = 0; path = ProductTestUITests.xctest; sourceTree = BUILT_PRODUCTS_DIR; };
		B5EA13C22AFCCF28009CBF83 /* ProductTestUITests.swift */ = {isa = PBXFileReference; lastKnownFileType = sourcecode.swift; path = ProductTestUITests.swift; sourceTree = "<group>"; };
		B5EA13C42AFCCF28009CBF83 /* ProductTestUITestsLaunchTests.swift */ = {isa = PBXFileReference; lastKnownFileType = sourcecode.swift; path = ProductTestUITestsLaunchTests.swift; sourceTree = "<group>"; };
/* End PBXFileReference section */

/* Begin PBXFrameworksBuildPhase section */
		B5EA139C2AFCCF26009CBF83 /* Frameworks */ = {
			isa = PBXFrameworksBuildPhase;
			buildActionMask = 2147483647;
			files = (
			);
			runOnlyForDeploymentPostprocessing = 0;
		};
		B5EA13B12AFCCF28009CBF83 /* Frameworks */ = {
			isa = PBXFrameworksBuildPhase;
			buildActionMask = 2147483647;
			files = (
			);
			runOnlyForDeploymentPostprocessing = 0;
		};
		B5EA13BB2AFCCF28009CBF83 /* Frameworks */ = {
			isa = PBXFrameworksBuildPhase;
			buildActionMask = 2147483647;
			files = (
			);
			runOnlyForDeploymentPostprocessing = 0;
		};
/* End PBXFrameworksBuildPhase section */

/* Begin PBXGroup section */
		B56F8F5E2AFCE61C0009591F /* Views */ = {
			isa = PBXGroup;
			children = (
				B5EA13A42AFCCF26009CBF83 /* ContentView.swift */,
			);
			path = Views;
			sourceTree = "<group>";
		};
		B56F8F5F2AFD00200009591F /* Components */ = {
			isa = PBXGroup;
			children = (
				B56F8F602AFD00320009591F /* ShimmerText.swift */,
				B56F8F622AFD0C8C0009591F /* ProductItemView.swift */,
				B5DB3C672AFE049F00884760 /* FavoriteItem.swift */,
			);
			path = Components;
			sourceTree = "<group>";
		};
		B56F8F672AFD11FC0009591F /* Controllers */ = {
			isa = PBXGroup;
			children = (
				B5EA13AB2AFCCF28009CBF83 /* Persistence.swift */,
				B5DB3C462AFDC95B00884760 /* ProductController.swift */,
			);
			path = Controllers;
			sourceTree = "<group>";
		};
		B5DB3C372AFD2D8B00884760 /* Models */ = {
			isa = PBXGroup;
			children = (
				B5DB3C382AFD2DB400884760 /* ProductModel.swift */,
			);
			path = Models;
			sourceTree = "<group>";
		};
		B5DB3C3A2AFD2FB600884760 /* Databases */ = {
			isa = PBXGroup;
			children = (
				B5EA13AD2AFCCF28009CBF83 /* ProductTest.xcdatamodeld */,
			);
			path = Databases;
			sourceTree = "<group>";
		};
		B5DB3C3B2AFD2FC900884760 /* Files */ = {
			isa = PBXGroup;
			children = (
				B5EA13A62AFCCF28009CBF83 /* Assets.xcassets */,
				B5EA13A22AFCCF26009CBF83 /* ProductTestApp.swift */,
			);
			path = Files;
			sourceTree = "<group>";
		};
		B5DB3C3F2AFD35D700884760 /* Utils */ = {
			isa = PBXGroup;
			children = (
				B5DB3C402AFD35DF00884760 /* Extension.swift */,
			);
			path = Utils;
			sourceTree = "<group>";
		};
		B5EA13962AFCCF26009CBF83 = {
			isa = PBXGroup;
			children = (
				B5EA13A12AFCCF26009CBF83 /* ProductTest */,
				B5EA13B72AFCCF28009CBF83 /* ProductTestTests */,
				B5EA13C12AFCCF28009CBF83 /* ProductTestUITests */,
				B5EA13A02AFCCF26009CBF83 /* Products */,
			);
			sourceTree = "<group>";
		};
		B5EA13A02AFCCF26009CBF83 /* Products */ = {
			isa = PBXGroup;
			children = (
				B5EA139F2AFCCF26009CBF83 /* ProductTest.app */,
				B5EA13B42AFCCF28009CBF83 /* ProductTestTests.xctest */,
				B5EA13BE2AFCCF28009CBF83 /* ProductTestUITests.xctest */,
			);
			name = Products;
			sourceTree = "<group>";
		};
		B5EA13A12AFCCF26009CBF83 /* ProductTest */ = {
			isa = PBXGroup;
			children = (
				B5DB3C3F2AFD35D700884760 /* Utils */,
				B5DB3C372AFD2D8B00884760 /* Models */,
				B56F8F5E2AFCE61C0009591F /* Views */,
				B56F8F672AFD11FC0009591F /* Controllers */,
				B56F8F5F2AFD00200009591F /* Components */,
				B5DB3C3B2AFD2FC900884760 /* Files */,
				B5DB3C3A2AFD2FB600884760 /* Databases */,
				B5EA13A82AFCCF28009CBF83 /* Preview Content */,
			);
			path = ProductTest;
			sourceTree = "<group>";
		};
		B5EA13A82AFCCF28009CBF83 /* Preview Content */ = {
			isa = PBXGroup;
			children = (
				B5EA13A92AFCCF28009CBF83 /* Preview Assets.xcassets */,
			);
			path = "Preview Content";
			sourceTree = "<group>";
		};
		B5EA13B72AFCCF28009CBF83 /* ProductTestTests */ = {
			isa = PBXGroup;
			children = (
				B5DB3C422AFD368A00884760 /* RupiahFormatterTests.swift */,
			);
			path = ProductTestTests;
			sourceTree = "<group>";
		};
		B5EA13C12AFCCF28009CBF83 /* ProductTestUITests */ = {
			isa = PBXGroup;
			children = (
				B5EA13C22AFCCF28009CBF83 /* ProductTestUITests.swift */,
				B5EA13C42AFCCF28009CBF83 /* ProductTestUITestsLaunchTests.swift */,
			);
			path = ProductTestUITests;
			sourceTree = "<group>";
		};
/* End PBXGroup section */

/* Begin PBXNativeTarget section */
		B5EA139E2AFCCF26009CBF83 /* ProductTest */ = {
			isa = PBXNativeTarget;
			buildConfigurationList = B5EA13C82AFCCF28009CBF83 /* Build configuration list for PBXNativeTarget "ProductTest" */;
			buildPhases = (
				B5EA139B2AFCCF26009CBF83 /* Sources */,
				B5EA139C2AFCCF26009CBF83 /* Frameworks */,
				B5EA139D2AFCCF26009CBF83 /* Resources */,
			);
			buildRules = (
			);
			dependencies = (
			);
			name = ProductTest;
			productName = ProductTest;
			productReference = B5EA139F2AFCCF26009CBF83 /* ProductTest.app */;
			productType = "com.apple.product-type.application";
		};
		B5EA13B32AFCCF28009CBF83 /* ProductTestTests */ = {
			isa = PBXNativeTarget;
			buildConfigurationList = B5EA13CB2AFCCF28009CBF83 /* Build configuration list for PBXNativeTarget "ProductTestTests" */;
			buildPhases = (
				B5EA13B02AFCCF28009CBF83 /* Sources */,
				B5EA13B12AFCCF28009CBF83 /* Frameworks */,
				B5EA13B22AFCCF28009CBF83 /* Resources */,
			);
			buildRules = (
			);
			dependencies = (
				B5EA13B62AFCCF28009CBF83 /* PBXTargetDependency */,
			);
			name = ProductTestTests;
			productName = ProductTestTests;
			productReference = B5EA13B42AFCCF28009CBF83 /* ProductTestTests.xctest */;
			productType = "com.apple.product-type.bundle.unit-test";
		};
		B5EA13BD2AFCCF28009CBF83 /* ProductTestUITests */ = {
			isa = PBXNativeTarget;
			buildConfigurationList = B5EA13CE2AFCCF28009CBF83 /* Build configuration list for PBXNativeTarget "ProductTestUITests" */;
			buildPhases = (
				B5EA13BA2AFCCF28009CBF83 /* Sources */,
				B5EA13BB2AFCCF28009CBF83 /* Frameworks */,
				B5EA13BC2AFCCF28009CBF83 /* Resources */,
			);
			buildRules = (
			);
			dependencies = (
				B5EA13C02AFCCF28009CBF83 /* PBXTargetDependency */,
			);
			name = ProductTestUITests;
			productName = ProductTestUITests;
			productReference = B5EA13BE2AFCCF28009CBF83 /* ProductTestUITests.xctest */;
			productType = "com.apple.product-type.bundle.ui-testing";
		};
/* End PBXNativeTarget section */

/* Begin PBXProject section */
		B5EA13972AFCCF26009CBF83 /* Project object */ = {
			isa = PBXProject;
			attributes = {
				BuildIndependentTargetsInParallel = 1;
				LastSwiftUpdateCheck = 1430;
				LastUpgradeCheck = 1430;
				TargetAttributes = {
					B5EA139E2AFCCF26009CBF83 = {
						CreatedOnToolsVersion = 14.3.1;
					};
					B5EA13B32AFCCF28009CBF83 = {
						CreatedOnToolsVersion = 14.3.1;
						TestTargetID = B5EA139E2AFCCF26009CBF83;
					};
					B5EA13BD2AFCCF28009CBF83 = {
						CreatedOnToolsVersion = 14.3.1;
						TestTargetID = B5EA139E2AFCCF26009CBF83;
					};
				};
			};
			buildConfigurationList = B5EA139A2AFCCF26009CBF83 /* Build configuration list for PBXProject "ProductTest" */;
			compatibilityVersion = "Xcode 14.0";
			developmentRegion = en;
			hasScannedForEncodings = 0;
			knownRegions = (
				en,
				Base,
			);
			mainGroup = B5EA13962AFCCF26009CBF83;
			productRefGroup = B5EA13A02AFCCF26009CBF83 /* Products */;
			projectDirPath = "";
			projectRoot = "";
			targets = (
				B5EA139E2AFCCF26009CBF83 /* ProductTest */,
				B5EA13B32AFCCF28009CBF83 /* ProductTestTests */,
				B5EA13BD2AFCCF28009CBF83 /* ProductTestUITests */,
			);
		};
/* End PBXProject section */

/* Begin PBXResourcesBuildPhase section */
		B5EA139D2AFCCF26009CBF83 /* Resources */ = {
			isa = PBXResourcesBuildPhase;
			buildActionMask = 2147483647;
			files = (
				B5EA13AA2AFCCF28009CBF83 /* Preview Assets.xcassets in Resources */,
				B5EA13A72AFCCF28009CBF83 /* Assets.xcassets in Resources */,
			);
			runOnlyForDeploymentPostprocessing = 0;
		};
		B5EA13B22AFCCF28009CBF83 /* Resources */ = {
			isa = PBXResourcesBuildPhase;
			buildActionMask = 2147483647;
			files = (
			);
			runOnlyForDeploymentPostprocessing = 0;
		};
		B5EA13BC2AFCCF28009CBF83 /* Resources */ = {
			isa = PBXResourcesBuildPhase;
			buildActionMask = 2147483647;
			files = (
			);
			runOnlyForDeploymentPostprocessing = 0;
		};
/* End PBXResourcesBuildPhase section */

/* Begin PBXSourcesBuildPhase section */
		B5EA139B2AFCCF26009CBF83 /* Sources */ = {
			isa = PBXSourcesBuildPhase;
			buildActionMask = 2147483647;
			files = (
				B5EA13AC2AFCCF28009CBF83 /* Persistence.swift in Sources */,
				B5DB3C472AFDC95B00884760 /* ProductController.swift in Sources */,
				B56F8F632AFD0C8C0009591F /* ProductItemView.swift in Sources */,
				B5EA13AF2AFCCF28009CBF83 /* ProductTest.xcdatamodeld in Sources */,
				B5EA13A52AFCCF26009CBF83 /* ContentView.swift in Sources */,
				B5EA13A32AFCCF26009CBF83 /* ProductTestApp.swift in Sources */,
				B5DB3C682AFE049F00884760 /* FavoriteItem.swift in Sources */,
				B5DB3C392AFD2DB400884760 /* ProductModel.swift in Sources */,
				B56F8F612AFD00320009591F /* ShimmerText.swift in Sources */,
				B5DB3C412AFD35DF00884760 /* Extension.swift in Sources */,
			);
			runOnlyForDeploymentPostprocessing = 0;
		};
		B5EA13B02AFCCF28009CBF83 /* Sources */ = {
			isa = PBXSourcesBuildPhase;
			buildActionMask = 2147483647;
			files = (
				B5DB3C432AFD368A00884760 /* RupiahFormatterTests.swift in Sources */,
			);
			runOnlyForDeploymentPostprocessing = 0;
		};
		B5EA13BA2AFCCF28009CBF83 /* Sources */ = {
			isa = PBXSourcesBuildPhase;
			buildActionMask = 2147483647;
			files = (
				B5EA13C52AFCCF28009CBF83 /* ProductTestUITestsLaunchTests.swift in Sources */,
				B5EA13C32AFCCF28009CBF83 /* ProductTestUITests.swift in Sources */,
			);
			runOnlyForDeploymentPostprocessing = 0;
		};
/* End PBXSourcesBuildPhase section */

/* Begin PBXTargetDependency section */
		B5EA13B62AFCCF28009CBF83 /* PBXTargetDependency */ = {
			isa = PBXTargetDependency;
			target = B5EA139E2AFCCF26009CBF83 /* ProductTest */;
			targetProxy = B5EA13B52AFCCF28009CBF83 /* PBXContainerItemProxy */;
		};
		B5EA13C02AFCCF28009CBF83 /* PBXTargetDependency */ = {
			isa = PBXTargetDependency;
			target = B5EA139E2AFCCF26009CBF83 /* ProductTest */;
			targetProxy = B5EA13BF2AFCCF28009CBF83 /* PBXContainerItemProxy */;
		};
/* End PBXTargetDependency section */

/* Begin XCBuildConfiguration section */
		B5EA13C62AFCCF28009CBF83 /* Debug */ = {
			isa = XCBuildConfiguration;
			buildSettings = {
				ALWAYS_SEARCH_USER_PATHS = NO;
				CLANG_ANALYZER_NONNULL = YES;
				CLANG_ANALYZER_NUMBER_OBJECT_CONVERSION = YES_AGGRESSIVE;
				CLANG_CXX_LANGUAGE_STANDARD = "gnu++20";
				CLANG_ENABLE_MODULES = YES;
				CLANG_ENABLE_OBJC_ARC = YES;
				CLANG_ENABLE_OBJC_WEAK = YES;
				CLANG_WARN_BLOCK_CAPTURE_AUTORELEASING = YES;
				CLANG_WARN_BOOL_CONVERSION = YES;
				CLANG_WARN_COMMA = YES;
				CLANG_WARN_CONSTANT_CONVERSION = YES;
				CLANG_WARN_DEPRECATED_OBJC_IMPLEMENTATIONS = YES;
				CLANG_WARN_DIRECT_OBJC_ISA_USAGE = YES_ERROR;
				CLANG_WARN_DOCUMENTATION_COMMENTS = YES;
				CLANG_WARN_EMPTY_BODY = YES;
				CLANG_WARN_ENUM_CONVERSION = YES;
				CLANG_WARN_INFINITE_RECURSION = YES;
				CLANG_WARN_INT_CONVERSION = YES;
				CLANG_WARN_NON_LITERAL_NULL_CONVERSION = YES;
				CLANG_WARN_OBJC_IMPLICIT_RETAIN_SELF = YES;
				CLANG_WARN_OBJC_LITERAL_CONVERSION = YES;
				CLANG_WARN_OBJC_ROOT_CLASS = YES_ERROR;
				CLANG_WARN_QUOTED_INCLUDE_IN_FRAMEWORK_HEADER = YES;
				CLANG_WARN_RANGE_LOOP_ANALYSIS = YES;
				CLANG_WARN_STRICT_PROTOTYPES = YES;
				CLANG_WARN_SUSPICIOUS_MOVE = YES;
				CLANG_WARN_UNGUARDED_AVAILABILITY = YES_AGGRESSIVE;
				CLANG_WARN_UNREACHABLE_CODE = YES;
				CLANG_WARN__DUPLICATE_METHOD_MATCH = YES;
				COPY_PHASE_STRIP = NO;
				DEBUG_INFORMATION_FORMAT = dwarf;
				ENABLE_STRICT_OBJC_MSGSEND = YES;
				ENABLE_TESTABILITY = YES;
				GCC_C_LANGUAGE_STANDARD = gnu11;
				GCC_DYNAMIC_NO_PIC = NO;
				GCC_NO_COMMON_BLOCKS = YES;
				GCC_OPTIMIZATION_LEVEL = 0;
				GCC_PREPROCESSOR_DEFINITIONS = (
					"DEBUG=1",
					"$(inherited)",
				);
				GCC_WARN_64_TO_32_BIT_CONVERSION = YES;
				GCC_WARN_ABOUT_RETURN_TYPE = YES_ERROR;
				GCC_WARN_UNDECLARED_SELECTOR = YES;
				GCC_WARN_UNINITIALIZED_AUTOS = YES_AGGRESSIVE;
				GCC_WARN_UNUSED_FUNCTION = YES;
				GCC_WARN_UNUSED_VARIABLE = YES;
				IPHONEOS_DEPLOYMENT_TARGET = 16.4;
				MTL_ENABLE_DEBUG_INFO = INCLUDE_SOURCE;
				MTL_FAST_MATH = YES;
				ONLY_ACTIVE_ARCH = YES;
				SDKROOT = iphoneos;
				SWIFT_ACTIVE_COMPILATION_CONDITIONS = DEBUG;
				SWIFT_OPTIMIZATION_LEVEL = "-Onone";
			};
			name = Debug;
		};
		B5EA13C72AFCCF28009CBF83 /* Release */ = {
			isa = XCBuildConfiguration;
			buildSettings = {
				ALWAYS_SEARCH_USER_PATHS = NO;
				CLANG_ANALYZER_NONNULL = YES;
				CLANG_ANALYZER_NUMBER_OBJECT_CONVERSION = YES_AGGRESSIVE;
				CLANG_CXX_LANGUAGE_STANDARD = "gnu++20";
				CLANG_ENABLE_MODULES = YES;
				CLANG_ENABLE_OBJC_ARC = YES;
				CLANG_ENABLE_OBJC_WEAK = YES;
				CLANG_WARN_BLOCK_CAPTURE_AUTORELEASING = YES;
				CLANG_WARN_BOOL_CONVERSION = YES;
				CLANG_WARN_COMMA = YES;
				CLANG_WARN_CONSTANT_CONVERSION = YES;
				CLANG_WARN_DEPRECATED_OBJC_IMPLEMENTATIONS = YES;
				CLANG_WARN_DIRECT_OBJC_ISA_USAGE = YES_ERROR;
				CLANG_WARN_DOCUMENTATION_COMMENTS = YES;
				CLANG_WARN_EMPTY_BODY = YES;
				CLANG_WARN_ENUM_CONVERSION = YES;
				CLANG_WARN_INFINITE_RECURSION = YES;
				CLANG_WARN_INT_CONVERSION = YES;
				CLANG_WARN_NON_LITERAL_NULL_CONVERSION = YES;
				CLANG_WARN_OBJC_IMPLICIT_RETAIN_SELF = YES;
				CLANG_WARN_OBJC_LITERAL_CONVERSION = YES;
				CLANG_WARN_OBJC_ROOT_CLASS = YES_ERROR;
				CLANG_WARN_QUOTED_INCLUDE_IN_FRAMEWORK_HEADER = YES;
				CLANG_WARN_RANGE_LOOP_ANALYSIS = YES;
				CLANG_WARN_STRICT_PROTOTYPES = YES;
				CLANG_WARN_SUSPICIOUS_MOVE = YES;
				CLANG_WARN_UNGUARDED_AVAILABILITY = YES_AGGRESSIVE;
				CLANG_WARN_UNREACHABLE_CODE = YES;
				CLANG_WARN__DUPLICATE_METHOD_MATCH = YES;
				COPY_PHASE_STRIP = NO;
				DEBUG_INFORMATION_FORMAT = "dwarf-with-dsym";
				ENABLE_NS_ASSERTIONS = NO;
				ENABLE_STRICT_OBJC_MSGSEND = YES;
				GCC_C_LANGUAGE_STANDARD = gnu11;
				GCC_NO_COMMON_BLOCKS = YES;
				GCC_WARN_64_TO_32_BIT_CONVERSION = YES;
				GCC_WARN_ABOUT_RETURN_TYPE = YES_ERROR;
				GCC_WARN_UNDECLARED_SELECTOR = YES;
				GCC_WARN_UNINITIALIZED_AUTOS = YES_AGGRESSIVE;
				GCC_WARN_UNUSED_FUNCTION = YES;
				GCC_WARN_UNUSED_VARIABLE = YES;
				IPHONEOS_DEPLOYMENT_TARGET = 16.4;
				MTL_ENABLE_DEBUG_INFO = NO;
				MTL_FAST_MATH = YES;
				SDKROOT = iphoneos;
				SWIFT_COMPILATION_MODE = wholemodule;
				SWIFT_OPTIMIZATION_LEVEL = "-O";
				VALIDATE_PRODUCT = YES;
			};
			name = Release;
		};
		B5EA13C92AFCCF28009CBF83 /* Debug */ = {
			isa = XCBuildConfiguration;
			buildSettings = {
				ASSETCATALOG_COMPILER_APPICON_NAME = AppIcon;
				ASSETCATALOG_COMPILER_GLOBAL_ACCENT_COLOR_NAME = AccentColor;
				CODE_SIGN_STYLE = Automatic;
				CURRENT_PROJECT_VERSION = 1;
				DEVELOPMENT_ASSET_PATHS = "\"ProductTest/Preview Content\"";
				DEVELOPMENT_TEAM = 9YCD4JZWLV;
				ENABLE_PREVIEWS = YES;
				GENERATE_INFOPLIST_FILE = YES;
				INFOPLIST_KEY_UIApplicationSceneManifest_Generation = YES;
				INFOPLIST_KEY_UIApplicationSupportsIndirectInputEvents = YES;
				INFOPLIST_KEY_UILaunchScreen_Generation = YES;
				INFOPLIST_KEY_UISupportedInterfaceOrientations_iPad = "UIInterfaceOrientationPortrait UIInterfaceOrientationPortraitUpsideDown UIInterfaceOrientationLandscapeLeft UIInterfaceOrientationLandscapeRight";
				INFOPLIST_KEY_UISupportedInterfaceOrientations_iPhone = "UIInterfaceOrientationPortrait UIInterfaceOrientationLandscapeLeft UIInterfaceOrientationLandscapeRight";
				LD_RUNPATH_SEARCH_PATHS = (
					"$(inherited)",
					"@executable_path/Frameworks",
				);
				MARKETING_VERSION = 1.0;
				PRODUCT_BUNDLE_IDENTIFIER = com.rama.ProductTest;
				PRODUCT_NAME = "$(TARGET_NAME)";
				SWIFT_EMIT_LOC_STRINGS = YES;
				SWIFT_VERSION = 5.0;
				TARGETED_DEVICE_FAMILY = "1,2";
			};
			name = Debug;
		};
		B5EA13CA2AFCCF28009CBF83 /* Release */ = {
			isa = XCBuildConfiguration;
			buildSettings = {
				ASSETCATALOG_COMPILER_APPICON_NAME = AppIcon;
				ASSETCATALOG_COMPILER_GLOBAL_ACCENT_COLOR_NAME = AccentColor;
				CODE_SIGN_STYLE = Automatic;
				CURRENT_PROJECT_VERSION = 1;
				DEVELOPMENT_ASSET_PATHS = "\"ProductTest/Preview Content\"";
				DEVELOPMENT_TEAM = 9YCD4JZWLV;
				ENABLE_PREVIEWS = YES;
				GENERATE_INFOPLIST_FILE = YES;
				INFOPLIST_KEY_UIApplicationSceneManifest_Generation = YES;
				INFOPLIST_KEY_UIApplicationSupportsIndirectInputEvents = YES;
				INFOPLIST_KEY_UILaunchScreen_Generation = YES;
				INFOPLIST_KEY_UISupportedInterfaceOrientations_iPad = "UIInterfaceOrientationPortrait UIInterfaceOrientationPortraitUpsideDown UIInterfaceOrientationLandscapeLeft UIInterfaceOrientationLandscapeRight";
				INFOPLIST_KEY_UISupportedInterfaceOrientations_iPhone = "UIInterfaceOrientationPortrait UIInterfaceOrientationLandscapeLeft UIInterfaceOrientationLandscapeRight";
				LD_RUNPATH_SEARCH_PATHS = (
					"$(inherited)",
					"@executable_path/Frameworks",
				);
				MARKETING_VERSION = 1.0;
				PRODUCT_BUNDLE_IDENTIFIER = com.rama.ProductTest;
				PRODUCT_NAME = "$(TARGET_NAME)";
				SWIFT_EMIT_LOC_STRINGS = YES;
				SWIFT_VERSION = 5.0;
				TARGETED_DEVICE_FAMILY = "1,2";
			};
			name = Release;
		};
		B5EA13CC2AFCCF28009CBF83 /* Debug */ = {
			isa = XCBuildConfiguration;
			buildSettings = {
				ALWAYS_EMBED_SWIFT_STANDARD_LIBRARIES = YES;
				BUNDLE_LOADER = "$(TEST_HOST)";
				CODE_SIGN_STYLE = Automatic;
				CURRENT_PROJECT_VERSION = 1;
				DEVELOPMENT_TEAM = UC9B6T5FMX;
				GENERATE_INFOPLIST_FILE = YES;
				IPHONEOS_DEPLOYMENT_TARGET = 16.4;
				MARKETING_VERSION = 1.0;
				PRODUCT_BUNDLE_IDENTIFIER = com.rama.ProductTestTests;
				PRODUCT_NAME = "$(TARGET_NAME)";
				SWIFT_EMIT_LOC_STRINGS = NO;
				SWIFT_VERSION = 5.0;
				TARGETED_DEVICE_FAMILY = "1,2";
				TEST_HOST = "$(BUILT_PRODUCTS_DIR)/ProductTest.app/$(BUNDLE_EXECUTABLE_FOLDER_PATH)/ProductTest";
			};
			name = Debug;
		};
		B5EA13CD2AFCCF28009CBF83 /* Release */ = {
			isa = XCBuildConfiguration;
			buildSettings = {
				ALWAYS_EMBED_SWIFT_STANDARD_LIBRARIES = YES;
				BUNDLE_LOADER = "$(TEST_HOST)";
				CODE_SIGN_STYLE = Automatic;
				CURRENT_PROJECT_VERSION = 1;
				DEVELOPMENT_TEAM = UC9B6T5FMX;
				GENERATE_INFOPLIST_FILE = YES;
				IPHONEOS_DEPLOYMENT_TARGET = 16.4;
				MARKETING_VERSION = 1.0;
				PRODUCT_BUNDLE_IDENTIFIER = com.rama.ProductTestTests;
				PRODUCT_NAME = "$(TARGET_NAME)";
				SWIFT_EMIT_LOC_STRINGS = NO;
				SWIFT_VERSION = 5.0;
				TARGETED_DEVICE_FAMILY = "1,2";
				TEST_HOST = "$(BUILT_PRODUCTS_DIR)/ProductTest.app/$(BUNDLE_EXECUTABLE_FOLDER_PATH)/ProductTest";
			};
			name = Release;
		};
		B5EA13CF2AFCCF28009CBF83 /* Debug */ = {
			isa = XCBuildConfiguration;
			buildSettings = {
				ALWAYS_EMBED_SWIFT_STANDARD_LIBRARIES = YES;
				CODE_SIGN_STYLE = Automatic;
				CURRENT_PROJECT_VERSION = 1;
				DEVELOPMENT_TEAM = UC9B6T5FMX;
				GENERATE_INFOPLIST_FILE = YES;
				MARKETING_VERSION = 1.0;
				PRODUCT_BUNDLE_IDENTIFIER = com.rama.ProductTestUITests;
				PRODUCT_NAME = "$(TARGET_NAME)";
				SWIFT_EMIT_LOC_STRINGS = NO;
				SWIFT_VERSION = 5.0;
				TARGETED_DEVICE_FAMILY = "1,2";
				TEST_TARGET_NAME = ProductTest;
			};
			name = Debug;
		};
		B5EA13D02AFCCF28009CBF83 /* Release */ = {
			isa = XCBuildConfiguration;
			buildSettings = {
				ALWAYS_EMBED_SWIFT_STANDARD_LIBRARIES = YES;
				CODE_SIGN_STYLE = Automatic;
				CURRENT_PROJECT_VERSION = 1;
				DEVELOPMENT_TEAM = UC9B6T5FMX;
				GENERATE_INFOPLIST_FILE = YES;
				MARKETING_VERSION = 1.0;
				PRODUCT_BUNDLE_IDENTIFIER = com.rama.ProductTestUITests;
				PRODUCT_NAME = "$(TARGET_NAME)";
				SWIFT_EMIT_LOC_STRINGS = NO;
				SWIFT_VERSION = 5.0;
				TARGETED_DEVICE_FAMILY = "1,2";
				TEST_TARGET_NAME = ProductTest;
			};
			name = Release;
		};
/* End XCBuildConfiguration section */

/* Begin XCConfigurationList section */
		B5EA139A2AFCCF26009CBF83 /* Build configuration list for PBXProject "ProductTest" */ = {
			isa = XCConfigurationList;
			buildConfigurations = (
				B5EA13C62AFCCF28009CBF83 /* Debug */,
				B5EA13C72AFCCF28009CBF83 /* Release */,
			);
			defaultConfigurationIsVisible = 0;
			defaultConfigurationName = Release;
		};
		B5EA13C82AFCCF28009CBF83 /* Build configuration list for PBXNativeTarget "ProductTest" */ = {
			isa = XCConfigurationList;
			buildConfigurations = (
				B5EA13C92AFCCF28009CBF83 /* Debug */,
				B5EA13CA2AFCCF28009CBF83 /* Release */,
			);
			defaultConfigurationIsVisible = 0;
			defaultConfigurationName = Release;
		};
		B5EA13CB2AFCCF28009CBF83 /* Build configuration list for PBXNativeTarget "ProductTestTests" */ = {
			isa = XCConfigurationList;
			buildConfigurations = (
				B5EA13CC2AFCCF28009CBF83 /* Debug */,
				B5EA13CD2AFCCF28009CBF83 /* Release */,
			);
			defaultConfigurationIsVisible = 0;
			defaultConfigurationName = Release;
		};
		B5EA13CE2AFCCF28009CBF83 /* Build configuration list for PBXNativeTarget "ProductTestUITests" */ = {
			isa = XCConfigurationList;
			buildConfigurations = (
				B5EA13CF2AFCCF28009CBF83 /* Debug */,
				B5EA13D02AFCCF28009CBF83 /* Release */,
			);
			defaultConfigurationIsVisible = 0;
			defaultConfigurationName = Release;
		};
/* End XCConfigurationList section */

/* Begin XCVersionGroup section */
		B5EA13AD2AFCCF28009CBF83 /* ProductTest.xcdatamodeld */ = {
			isa = XCVersionGroup;
			children = (
				B5EA13AE2AFCCF28009CBF83 /* ProductTest.xcdatamodel */,
			);
			currentVersion = B5EA13AE2AFCCF28009CBF83 /* ProductTest.xcdatamodel */;
			path = ProductTest.xcdatamodeld;
			sourceTree = "<group>";
			versionGroupType = wrapper.xcdatamodel;
		};
/* End XCVersionGroup section */
	};
	rootObject = B5EA13972AFCCF26009CBF83 /* Project object */;
}
